PODS:
  - HHYRep (0.0.3):
    - HHYRep/AFNetworking (= 0.0.3)
    - HHYRep/TimerHelper (= 0.0.3)
    - HHYRep/UITableVIewHelper (= 0.0.3)
  - HHYRep/AFNetworking (0.0.3)
  - HHYRep/TimerHelper (0.0.3):
    - HHYRep/TimerHelper/GCD (= 0.0.3)
    - HHYRep/TimerHelper/NSTimer (= 0.0.3)
  - HHYRep/TimerHelper/GCD (0.0.3)
  - HHYRep/TimerHelper/NSTimer (0.0.3)
  - HHYRep/UITableVIewHelper (0.0.3)

DEPENDENCIES:
  - HHYRep (from `../`)

EXTERNAL SOURCES:
  HHYRep:
    :path: "../"

SPEC CHECKSUMS:
  HHYRep: 4dc62092d0d87a2efdd60c2b2eea336ffc4d420f

PODFILE CHECKSUM: 80baee4f388160fbc9194ccdda6a51b56f6dc24a

COCOAPODS: 1.5.3
